  "version": "2.2.8",
      "version": "2.2.8",
        "@types/react": "18.3.23",
        "@types/react-dom": "18.3.7",
        "react": "18.2.0",
        "react-dom": "18.2.0",
        "react-test-renderer": "18.2.0",
        "react": "^18.0 || ^19.0",
        "react-dom": "^18.0 || ^19.0"
      "version": "18.3.23",
      "resolved": "https://registry.npmjs.org/@types/react/-/react-18.3.23.tgz",
      "integrity": "sha512-/LDXMQh55EzZQ0uVAZmKKhfENivEvWz6E+EYzh+/MCjMhNsotd+ZHhBGIjFDTi6+fz0OhQQQLbTgdQIxxCsC0w==",
      "license": "MIT",
      "version": "18.3.7",
      "resolved": "https://registry.npmjs.org/@types/react-dom/-/react-dom-18.3.7.tgz",
      "integrity": "sha512-MEe3UeoENYVFXzoXEWsvcpg6ZvlrFNlOQ7EOsvhI3CfAXwzPfO8Qwuxd40nepsYKqyyVQnTdEfv68q91yLcKrQ==",
      "license": "MIT",
      "peerDependencies": {
        "@types/react": "^18.0.0"
      "version": "18.2.0",
      "resolved": "https://registry.npmjs.org/react/-/react-18.2.0.tgz",
      "integrity": "sha512-/3IjMdb2L9QbBdWiW5e3P2/npwMBaU9mHCSCUzNln0ZCYbcfTsGbTJrU/kGemdH2IWmB2ioZ+zkxtmq6g09fGQ==",
      "license": "MIT",
        "loose-envify": "^1.1.0"
      "version": "18.2.0",
      "resolved": "https://registry.npmjs.org/react-dom/-/react-dom-18.2.0.tgz",
      "integrity": "sha512-6IMTriUmvsjHUjNtEDudZfuDQUoWXVxKHhlEGSk81n4YFS+r/Kl99wXiwlVXtPBtJenozv2P+hxDsw9eA7Xo6g==",
      "license": "MIT",
        "scheduler": "^0.23.0"
        "react": "^18.2.0"
    "node_modules/react-shallow-renderer": {
      "version": "16.15.0",
      "resolved": "https://registry.npmjs.org/react-shallow-renderer/-/react-shallow-renderer-16.15.0.tgz",
      "integrity": "sha512-oScf2FqQ9LFVQgA73vr86xl2NaOIX73rh+YFqcOp68CWj56tSfgtGKrEbyhCj0rSijyG9M1CYprTh39fBi5hzA==",
      "license": "MIT",
        "react-is": "^16.12.0 || ^17.0.0 || ^18.0.0"
      },
      "peerDependencies": {
        "react": "^16.0.0 || ^17.0.0 || ^18.0.0"
      }
    },
    "node_modules/react-test-renderer": {
      "version": "18.2.0",
      "resolved": "https://registry.npmjs.org/react-test-renderer/-/react-test-renderer-18.2.0.tgz",
      "integrity": "sha512-JWD+aQ0lh2gvh4NM3bBM42Kx+XybOxCpgYK7F8ugAlpaTSnWsX+39Z4XkOykGZAHrjwwTZT3x3KxswVWxHPUqA==",
      "dev": true,
      "license": "MIT",
      "dependencies": {
        "react-is": "^18.2.0",
        "react-shallow-renderer": "^16.15.0",
        "scheduler": "^0.23.0"
        "react": "^18.2.0"
      "version": "18.3.1",
      "resolved": "https://registry.npmjs.org/react-is/-/react-is-18.3.1.tgz",
      "integrity": "sha512-/LLMVyas0ljjAtoYiPqYiL8VWXzUUdThrmU5+n20DZv+a+ClRoevUzw5JxU+Ieh5/c87ytoTBV9G1FiKfNJdmg==",
      "dev": true,
      "license": "MIT"
      "version": "0.23.2",
      "resolved": "https://registry.npmjs.org/scheduler/-/scheduler-0.23.2.tgz",
      "integrity": "sha512-UOShsPwz7NrMUqhR6t0hWjFduvOzbtv7toDH1/hIrfRNIDBnnBWd0CwJTGvTpngVlmwGCdP9/Zl/tVrDqcuYzQ==",
      "license": "MIT",
        "loose-envify": "^1.1.0"
      "version": "18.3.23",
      "resolved": "https://registry.npmjs.org/@types/react/-/react-18.3.23.tgz",
      "integrity": "sha512-/LDXMQh55EzZQ0uVAZmKKhfENivEvWz6E+EYzh+/MCjMhNsotd+ZHhBGIjFDTi6+fz0OhQQQLbTgdQIxxCsC0w==",
      "version": "18.3.7",
      "resolved": "https://registry.npmjs.org/@types/react-dom/-/react-dom-18.3.7.tgz",
      "integrity": "sha512-MEe3UeoENYVFXzoXEWsvcpg6ZvlrFNlOQ7EOsvhI3CfAXwzPfO8Qwuxd40nepsYKqyyVQnTdEfv68q91yLcKrQ==",
      "requires": {}
      "version": "18.2.0",
      "resolved": "https://registry.npmjs.org/react/-/react-18.2.0.tgz",
      "integrity": "sha512-/3IjMdb2L9QbBdWiW5e3P2/npwMBaU9mHCSCUzNln0ZCYbcfTsGbTJrU/kGemdH2IWmB2ioZ+zkxtmq6g09fGQ==",
        "loose-envify": "^1.1.0"
      "version": "18.2.0",
      "resolved": "https://registry.npmjs.org/react-dom/-/react-dom-18.2.0.tgz",
      "integrity": "sha512-6IMTriUmvsjHUjNtEDudZfuDQUoWXVxKHhlEGSk81n4YFS+r/Kl99wXiwlVXtPBtJenozv2P+hxDsw9eA7Xo6g==",
        "scheduler": "^0.23.0"
    "react-shallow-renderer": {
      "version": "16.15.0",
      "resolved": "https://registry.npmjs.org/react-shallow-renderer/-/react-shallow-renderer-16.15.0.tgz",
      "integrity": "sha512-oScf2FqQ9LFVQgA73vr86xl2NaOIX73rh+YFqcOp68CWj56tSfgtGKrEbyhCj0rSijyG9M1CYprTh39fBi5hzA==",
        "react-is": "^16.12.0 || ^17.0.0 || ^18.0.0"
      }
    },
    "react-test-renderer": {
      "version": "18.2.0",
      "resolved": "https://registry.npmjs.org/react-test-renderer/-/react-test-renderer-18.2.0.tgz",
      "integrity": "sha512-JWD+aQ0lh2gvh4NM3bBM42Kx+XybOxCpgYK7F8ugAlpaTSnWsX+39Z4XkOykGZAHrjwwTZT3x3KxswVWxHPUqA==",
      "dev": true,
      "requires": {
        "react-is": "^18.2.0",
        "react-shallow-renderer": "^16.15.0",
        "scheduler": "^0.23.0"
          "version": "18.3.1",
          "resolved": "https://registry.npmjs.org/react-is/-/react-is-18.3.1.tgz",
          "integrity": "sha512-/LLMVyas0ljjAtoYiPqYiL8VWXzUUdThrmU5+n20DZv+a+ClRoevUzw5JxU+Ieh5/c87ytoTBV9G1FiKfNJdmg==",
      "version": "0.23.2",
      "resolved": "https://registry.npmjs.org/scheduler/-/scheduler-0.23.2.tgz",
      "integrity": "sha512-UOShsPwz7NrMUqhR6t0hWjFduvOzbtv7toDH1/hIrfRNIDBnnBWd0CwJTGvTpngVlmwGCdP9/Zl/tVrDqcuYzQ==",
        "loose-envify": "^1.1.0"
